schema: '2.0'
stages:
  train:
    cmd: python3 train.py
    deps:
    - path: data
      hash: md5
      md5: 9e5611e37aaf69c4463917f8f88ef312.dir
      size: 91997
      nfiles: 1
    - path: train.py
      hash: md5
      md5: 6472dac820d4821fee0d92afc2a99b12
      size: 3586
    outs:
    - path: metrics.csv
      hash: md5
      md5: 64091ec0cf209ce750fb94c4dac33271
      size: 54
    - path: models/model.joblib
      hash: md5
      md5: 5bc28b8c44e2a11330fb14df3d5e564e
      size: 3501601
