schema: '2.0'
stages:
  train:
    cmd: python3 train.py
    deps:
    - path: data
      hash: md5
      md5: 22714ed6446109d0894246fd55c14a78.dir
      size: 91999
      nfiles: 1
    - path: train.py
      hash: md5
      md5: 175835ca849a40472e5d4dee51d2f7e3
      size: 3586
    outs:
    - path: metrics.csv
      hash: md5
      md5: 4ae436c90149ef1aa4aeec21aa0910d7
      size: 30
    - path: models/model.joblib
      hash: md5
      md5: 7c456c3c8c8884fa1eb0d56051a0a7d6
      size: 3432433
