schema: '2.0'
stages:
  train:
    cmd: python3 train.py
    deps:
    - path: data
      hash: md5
      md5: 22714ed6446109d0894246fd55c14a78.dir
      size: 91999
      nfiles: 1
    - path: train.py
      hash: md5
      md5: 66ab6f546830c808f65ae1bce484183d
      size: 3588
    outs:
    - path: metrics.csv
      hash: md5
      md5: 9aa065163eb9af0460336d4a0b37969d
      size: 53
    - path: models/model.joblib
      hash: md5
      md5: 82f5225df646e6c190284752c2914410
      size: 314881
